
Microsoft Visual Studio Solution File, Format Version 12.00
# Visual Studio Version 16
VisualStudioVersion = 16.0.31019.35
MinimumVisualStudioVersion = 10.0.40219.1
Project("{8BC9CEB8-8B4A-11D0-8D11-00A0C91BC942}") = "Getting-started", "Getting-started\Getting-started.vcxproj", "{63E20D39-E7EB-4862-B80A-30A870483300}"
EndProject
Project("{8BC9CEB8-8B4A-11D0-8D11-00A0C91BC942}") = "Texture", "Texture_class\Texture_class.vcxproj", "{C3D63590-B256-4C91-8841-F7A352A80580}"
EndProject
Project("{8BC9CEB8-8B4A-11D0-8D11-00A0C91BC942}") = "Lighting", "Lighting\Lighting.vcxproj", "{68B80AF0-FA2C-4DB1-8A1D-F9F2C5F89893}"
EndProject
Project("{8BC9CEB8-8B4A-11D0-8D11-00A0C91BC942}") = "model_loading", "model_loading\model_loading.vcxproj", "{0A544FB9-B621-4340-A05E-F9D4E7255B7E}"
EndProject
Project("{8BC9CEB8-8B4A-11D0-8D11-00A0C91BC942}") = "advanced_opengl", "advanced_opengl\advanced_opengl.vcxproj", "{E9E8E9ED-6406-484F-8520-51A89E518DF0}"
EndProject
Project("{8BC9CEB8-8B4A-11D0-8D11-00A0C91BC942}") = "Advanced_glsl", "Advanced_glsl\Advanced_glsl.vcxproj", "{671F99C5-5BA1-43F5-AFC6-4559DDAEBDA4}"
EndProject
Project("{8BC9CEB8-8B4A-11D0-8D11-00A0C91BC942}") = "Geometry_Shader", "Geometry_Shader\Geometry_Shader.vcxproj", "{141719EF-3528-47C9-9E2B-5EAECA63263C}"
EndProject
Project("{8BC9CEB8-8B4A-11D0-8D11-00A0C91BC942}") = "Instantitiate", "Instantitiate\Instantitiate.vcxproj", "{5F71690E-80D6-4DB7-8CA5-BCFCADB9AC62}"
EndProject
Project("{8BC9CEB8-8B4A-11D0-8D11-00A0C91BC942}") = "Blinn_Phong", "Blinn_Phong\Blinn_Phong.vcxproj", "{6C29176E-B33B-4E80-BFB7-126FD66DCD10}"
EndProject
Global
	GlobalSection(SolutionConfigurationPlatforms) = preSolution
		Debug|x64 = Debug|x64
		Debug|x86 = Debug|x86
		Release|x64 = Release|x64
		Release|x86 = Release|x86
	EndGlobalSection
	GlobalSection(ProjectConfigurationPlatforms) = postSolution
		{63E20D39-E7EB-4862-B80A-30A870483300}.Debug|x64.ActiveCfg = Debug|x64
		{63E20D39-E7EB-4862-B80A-30A870483300}.Debug|x64.Build.0 = Debug|x64
		{63E20D39-E7EB-4862-B80A-30A870483300}.Debug|x86.ActiveCfg = Debug|Win32
		{63E20D39-E7EB-4862-B80A-30A870483300}.Debug|x86.Build.0 = Debug|Win32
		{63E20D39-E7EB-4862-B80A-30A870483300}.Release|x64.ActiveCfg = Release|x64
		{63E20D39-E7EB-4862-B80A-30A870483300}.Release|x64.Build.0 = Release|x64
		{63E20D39-E7EB-4862-B80A-30A870483300}.Release|x86.ActiveCfg = Release|Win32
		{63E20D39-E7EB-4862-B80A-30A870483300}.Release|x86.Build.0 = Release|Win32
		{C3D63590-B256-4C91-8841-F7A352A80580}.Debug|x64.ActiveCfg = Debug|x64
		{C3D63590-B256-4C91-8841-F7A352A80580}.Debug|x64.Build.0 = Debug|x64
		{C3D63590-B256-4C91-8841-F7A352A80580}.Debug|x86.ActiveCfg = Debug|Win32
		{C3D63590-B256-4C91-8841-F7A352A80580}.Debug|x86.Build.0 = Debug|Win32
		{C3D63590-B256-4C91-8841-F7A352A80580}.Release|x64.ActiveCfg = Release|x64
		{C3D63590-B256-4C91-8841-F7A352A80580}.Release|x64.Build.0 = Release|x64
		{C3D63590-B256-4C91-8841-F7A352A80580}.Release|x86.ActiveCfg = Release|Win32
		{C3D63590-B256-4C91-8841-F7A352A80580}.Release|x86.Build.0 = Release|Win32
		{68B80AF0-FA2C-4DB1-8A1D-F9F2C5F89893}.Debug|x64.ActiveCfg = Debug|x64
		{68B80AF0-FA2C-4DB1-8A1D-F9F2C5F89893}.Debug|x64.Build.0 = Debug|x64
		{68B80AF0-FA2C-4DB1-8A1D-F9F2C5F89893}.Debug|x86.ActiveCfg = Debug|Win32
		{68B80AF0-FA2C-4DB1-8A1D-F9F2C5F89893}.Debug|x86.Build.0 = Debug|Win32
		{68B80AF0-FA2C-4DB1-8A1D-F9F2C5F89893}.Release|x64.ActiveCfg = Release|x64
		{68B80AF0-FA2C-4DB1-8A1D-F9F2C5F89893}.Release|x64.Build.0 = Release|x64
		{68B80AF0-FA2C-4DB1-8A1D-F9F2C5F89893}.Release|x86.ActiveCfg = Release|Win32
		{68B80AF0-FA2C-4DB1-8A1D-F9F2C5F89893}.Release|x86.Build.0 = Release|Win32
		{0A544FB9-B621-4340-A05E-F9D4E7255B7E}.Debug|x64.ActiveCfg = Debug|x64
		{0A544FB9-B621-4340-A05E-F9D4E7255B7E}.Debug|x64.Build.0 = Debug|x64
		{0A544FB9-B621-4340-A05E-F9D4E7255B7E}.Debug|x86.ActiveCfg = Debug|Win32
		{0A544FB9-B621-4340-A05E-F9D4E7255B7E}.Debug|x86.Build.0 = Debug|Win32
		{0A544FB9-B621-4340-A05E-F9D4E7255B7E}.Release|x64.ActiveCfg = Release|x64
		{0A544FB9-B621-4340-A05E-F9D4E7255B7E}.Release|x64.Build.0 = Release|x64
		{0A544FB9-B621-4340-A05E-F9D4E7255B7E}.Release|x86.ActiveCfg = Release|Win32
		{0A544FB9-B621-4340-A05E-F9D4E7255B7E}.Release|x86.Build.0 = Release|Win32
		{E9E8E9ED-6406-484F-8520-51A89E518DF0}.Debug|x64.ActiveCfg = Debug|x64
		{E9E8E9ED-6406-484F-8520-51A89E518DF0}.Debug|x64.Build.0 = Debug|x64
		{E9E8E9ED-6406-484F-8520-51A89E518DF0}.Debug|x86.ActiveCfg = Debug|Win32
		{E9E8E9ED-6406-484F-8520-51A89E518DF0}.Debug|x86.Build.0 = Debug|Win32
		{E9E8E9ED-6406-484F-8520-51A89E518DF0}.Release|x64.ActiveCfg = Release|x64
		{E9E8E9ED-6406-484F-8520-51A89E518DF0}.Release|x64.Build.0 = Release|x64
		{E9E8E9ED-6406-484F-8520-51A89E518DF0}.Release|x86.ActiveCfg = Release|Win32
		{E9E8E9ED-6406-484F-8520-51A89E518DF0}.Release|x86.Build.0 = Release|Win32
		{671F99C5-5BA1-43F5-AFC6-4559DDAEBDA4}.Debug|x64.ActiveCfg = Debug|x64
		{671F99C5-5BA1-43F5-AFC6-4559DDAEBDA4}.Debug|x64.Build.0 = Debug|x64
		{671F99C5-5BA1-43F5-AFC6-4559DDAEBDA4}.Debug|x86.ActiveCfg = Debug|Win32
		{671F99C5-5BA1-43F5-AFC6-4559DDAEBDA4}.Debug|x86.Build.0 = Debug|Win32
		{671F99C5-5BA1-43F5-AFC6-4559DDAEBDA4}.Release|x64.ActiveCfg = Release|x64
		{671F99C5-5BA1-43F5-AFC6-4559DDAEBDA4}.Release|x64.Build.0 = Release|x64
		{671F99C5-5BA1-43F5-AFC6-4559DDAEBDA4}.Release|x86.ActiveCfg = Release|Win32
		{671F99C5-5BA1-43F5-AFC6-4559DDAEBDA4}.Release|x86.Build.0 = Release|Win32
		{141719EF-3528-47C9-9E2B-5EAECA63263C}.Debug|x64.ActiveCfg = Debug|x64
		{141719EF-3528-47C9-9E2B-5EAECA63263C}.Debug|x64.Build.0 = Debug|x64
		{141719EF-3528-47C9-9E2B-5EAECA63263C}.Debug|x86.ActiveCfg = Debug|Win32
		{141719EF-3528-47C9-9E2B-5EAECA63263C}.Debug|x86.Build.0 = Debug|Win32
		{141719EF-3528-47C9-9E2B-5EAECA63263C}.Release|x64.ActiveCfg = Release|x64
		{141719EF-3528-47C9-9E2B-5EAECA63263C}.Release|x64.Build.0 = Release|x64
		{141719EF-3528-47C9-9E2B-5EAECA63263C}.Release|x86.ActiveCfg = Release|Win32
		{141719EF-3528-47C9-9E2B-5EAECA63263C}.Release|x86.Build.0 = Release|Win32
		{5F71690E-80D6-4DB7-8CA5-BCFCADB9AC62}.Debug|x64.ActiveCfg = Debug|x64
		{5F71690E-80D6-4DB7-8CA5-BCFCADB9AC62}.Debug|x64.Build.0 = Debug|x64
		{5F71690E-80D6-4DB7-8CA5-BCFCADB9AC62}.Debug|x86.ActiveCfg = Debug|Win32
		{5F71690E-80D6-4DB7-8CA5-BCFCADB9AC62}.Debug|x86.Build.0 = Debug|Win32
		{5F71690E-80D6-4DB7-8CA5-BCFCADB9AC62}.Release|x64.ActiveCfg = Release|x64
		{5F71690E-80D6-4DB7-8CA5-BCFCADB9AC62}.Release|x64.Build.0 = Release|x64
		{5F71690E-80D6-4DB7-8CA5-BCFCADB9AC62}.Release|x86.ActiveCfg = Release|Win32
		{5F71690E-80D6-4DB7-8CA5-BCFCADB9AC62}.Release|x86.Build.0 = Release|Win32
		{6C29176E-B33B-4E80-BFB7-126FD66DCD10}.Debug|x64.ActiveCfg = Debug|x64
		{6C29176E-B33B-4E80-BFB7-126FD66DCD10}.Debug|x64.Build.0 = Debug|x64
		{6C29176E-B33B-4E80-BFB7-126FD66DCD10}.Debug|x86.ActiveCfg = Debug|Win32
		{6C29176E-B33B-4E80-BFB7-126FD66DCD10}.Debug|x86.Build.0 = Debug|Win32
		{6C29176E-B33B-4E80-BFB7-126FD66DCD10}.Release|x64.ActiveCfg = Release|x64
		{6C29176E-B33B-4E80-BFB7-126FD66DCD10}.Release|x64.Build.0 = Release|x64
		{6C29176E-B33B-4E80-BFB7-126FD66DCD10}.Release|x86.ActiveCfg = Release|Win32
		{6C29176E-B33B-4E80-BFB7-126FD66DCD10}.Release|x86.Build.0 = Release|Win32
	EndGlobalSection
	GlobalSection(SolutionProperties) = preSolution
		HideSolutionNode = FALSE
	EndGlobalSection
	GlobalSection(ExtensibilityGlobals) = postSolution
		SolutionGuid = {C350C770-BFEE-41BC-8150-426736960128}
	EndGlobalSection
EndGlobal
